
Microsoft Visual Studio Solution File, Format Version 12.00
# Visual Studio 15
VisualStudioVersion = 15.0.26730.16
MinimumVisualStudioVersion = 10.0.40219.1
Project("{FAE04EC0-301F-11D3-BF4B-00C04F79EFBC}") = "BNSBoost", "BNSBoost\BNSBoost.csproj", "{297345BA-0BB7-4521-9BF8-7E41C98637FC}"
	ProjectSection(ProjectDependencies) = postProject
		{778A6631-B639-40E5-9105-39F046BCC05D} = {778A6631-B639-40E5-9105-39F046BCC05D}
		{678B62F1-F8DC-4C03-A95A-F0D5375C1250} = {678B62F1-F8DC-4C03-A95A-F0D5375C1250}
	EndProjectSection
EndProject
Project("{8BC9CEB8-8B4A-11D0-8D11-00A0C91BC942}") = "Injector", "Injector\Injector.vcxproj", "{678B62F1-F8DC-4C03-A95A-F0D5375C1250}"
EndProject
Project("{8BC9CEB8-8B4A-11D0-8D11-00A0C91BC942}") = "X3Bypass", "X3Bypass\X3Bypass.vcxproj", "{48A6380E-2AD5-485F-A2D4-4E6F245321BC}"
EndProject
Project("{8BC9CEB8-8B4A-11D0-8D11-00A0C91BC942}") = "ClientAgent", "ClientAgent\ClientAgent.vcxproj", "{FE1A23BD-2513-4F15-A4FB-028C7FB940B0}"
EndProject
Project("{8BC9CEB8-8B4A-11D0-8D11-00A0C91BC942}") = "LauncherAgent", "LauncherAgent\LauncherAgent.vcxproj", "{778A6631-B639-40E5-9105-39F046BCC05D}"
EndProject
Project("{8BC9CEB8-8B4A-11D0-8D11-00A0C91BC942}") = "LauncherStartupCheck", "LauncherStartupCheck\LauncherStartupCheck.vcxproj", "{AEE3F2B6-67AD-4946-96AE-5D80408800CE}"
EndProject
Global
	GlobalSection(SolutionConfigurationPlatforms) = preSolution
		Debug|Any CPU = Debug|Any CPU
		Debug|x64 = Debug|x64
		Debug|x86 = Debug|x86
		Release|Any CPU = Release|Any CPU
		Release|x64 = Release|x64
		Release|x86 = Release|x86
	EndGlobalSection
	GlobalSection(ProjectConfigurationPlatforms) = postSolution
		{297345BA-0BB7-4521-9BF8-7E41C98637FC}.Debug|Any CPU.ActiveCfg = Debug|Any CPU
		{297345BA-0BB7-4521-9BF8-7E41C98637FC}.Debug|Any CPU.Build.0 = Debug|Any CPU
		{297345BA-0BB7-4521-9BF8-7E41C98637FC}.Debug|x64.ActiveCfg = Debug|Any CPU
		{297345BA-0BB7-4521-9BF8-7E41C98637FC}.Debug|x64.Build.0 = Debug|Any CPU
		{297345BA-0BB7-4521-9BF8-7E41C98637FC}.Debug|x86.ActiveCfg = Debug|Any CPU
		{297345BA-0BB7-4521-9BF8-7E41C98637FC}.Debug|x86.Build.0 = Debug|Any CPU
		{297345BA-0BB7-4521-9BF8-7E41C98637FC}.Release|Any CPU.ActiveCfg = Release|Any CPU
		{297345BA-0BB7-4521-9BF8-7E41C98637FC}.Release|Any CPU.Build.0 = Release|Any CPU
		{297345BA-0BB7-4521-9BF8-7E41C98637FC}.Release|x64.ActiveCfg = Release|Any CPU
		{297345BA-0BB7-4521-9BF8-7E41C98637FC}.Release|x64.Build.0 = Release|Any CPU
		{297345BA-0BB7-4521-9BF8-7E41C98637FC}.Release|x86.ActiveCfg = Release|Any CPU
		{297345BA-0BB7-4521-9BF8-7E41C98637FC}.Release|x86.Build.0 = Release|Any CPU
		{678B62F1-F8DC-4C03-A95A-F0D5375C1250}.Debug|Any CPU.ActiveCfg = Debug|Win32
		{678B62F1-F8DC-4C03-A95A-F0D5375C1250}.Debug|Any CPU.Build.0 = Debug|Win32
		{678B62F1-F8DC-4C03-A95A-F0D5375C1250}.Debug|x64.ActiveCfg = Debug|x64
		{678B62F1-F8DC-4C03-A95A-F0D5375C1250}.Debug|x64.Build.0 = Debug|x64
		{678B62F1-F8DC-4C03-A95A-F0D5375C1250}.Debug|x86.ActiveCfg = Debug|Win32
		{678B62F1-F8DC-4C03-A95A-F0D5375C1250}.Debug|x86.Build.0 = Debug|Win32
		{678B62F1-F8DC-4C03-A95A-F0D5375C1250}.Release|Any CPU.ActiveCfg = Release|Win32
		{678B62F1-F8DC-4C03-A95A-F0D5375C1250}.Release|Any CPU.Build.0 = Release|Win32
		{678B62F1-F8DC-4C03-A95A-F0D5375C1250}.Release|x64.ActiveCfg = Release|x64
		{678B62F1-F8DC-4C03-A95A-F0D5375C1250}.Release|x64.Build.0 = Release|x64
		{678B62F1-F8DC-4C03-A95A-F0D5375C1250}.Release|x86.ActiveCfg = Release|Win32
		{678B62F1-F8DC-4C03-A95A-F0D5375C1250}.Release|x86.Build.0 = Release|Win32
		{48A6380E-2AD5-485F-A2D4-4E6F245321BC}.Debug|Any CPU.ActiveCfg = Debug|Win32
		{48A6380E-2AD5-485F-A2D4-4E6F245321BC}.Debug|x64.ActiveCfg = Debug|x64
		{48A6380E-2AD5-485F-A2D4-4E6F245321BC}.Debug|x64.Build.0 = Debug|x64
		{48A6380E-2AD5-485F-A2D4-4E6F245321BC}.Debug|x86.ActiveCfg = Debug|Win32
		{48A6380E-2AD5-485F-A2D4-4E6F245321BC}.Debug|x86.Build.0 = Debug|Win32
		{48A6380E-2AD5-485F-A2D4-4E6F245321BC}.Release|Any CPU.ActiveCfg = Release|Win32
		{48A6380E-2AD5-485F-A2D4-4E6F245321BC}.Release|x64.ActiveCfg = Release|x64
		{48A6380E-2AD5-485F-A2D4-4E6F245321BC}.Release|x64.Build.0 = Release|x64
		{48A6380E-2AD5-485F-A2D4-4E6F245321BC}.Release|x86.ActiveCfg = Release|Win32
		{48A6380E-2AD5-485F-A2D4-4E6F245321BC}.Release|x86.Build.0 = Release|Win32
		{FE1A23BD-2513-4F15-A4FB-028C7FB940B0}.Debug|Any CPU.ActiveCfg = Debug|Win32
		{FE1A23BD-2513-4F15-A4FB-028C7FB940B0}.Debug|x64.ActiveCfg = Debug|x64
		{FE1A23BD-2513-4F15-A4FB-028C7FB940B0}.Debug|x64.Build.0 = Debug|x64
		{FE1A23BD-2513-4F15-A4FB-028C7FB940B0}.Debug|x86.ActiveCfg = Debug|Win32
		{FE1A23BD-2513-4F15-A4FB-028C7FB940B0}.Debug|x86.Build.0 = Debug|Win32
		{FE1A23BD-2513-4F15-A4FB-028C7FB940B0}.Release|Any CPU.ActiveCfg = Release|Win32
		{FE1A23BD-2513-4F15-A4FB-028C7FB940B0}.Release|x64.ActiveCfg = Release|x64
		{FE1A23BD-2513-4F15-A4FB-028C7FB940B0}.Release|x64.Build.0 = Release|x64
		{FE1A23BD-2513-4F15-A4FB-028C7FB940B0}.Release|x86.ActiveCfg = Release|Win32
		{FE1A23BD-2513-4F15-A4FB-028C7FB940B0}.Release|x86.Build.0 = Release|Win32
		{778A6631-B639-40E5-9105-39F046BCC05D}.Debug|Any CPU.ActiveCfg = Debug|Win32
		{778A6631-B639-40E5-9105-39F046BCC05D}.Debug|x64.ActiveCfg = Debug|x64
		{778A6631-B639-40E5-9105-39F046BCC05D}.Debug|x86.ActiveCfg = Debug|Win32
		{778A6631-B639-40E5-9105-39F046BCC05D}.Debug|x86.Build.0 = Debug|Win32
		{778A6631-B639-40E5-9105-39F046BCC05D}.Release|Any CPU.ActiveCfg = Release|Win32
		{778A6631-B639-40E5-9105-39F046BCC05D}.Release|x64.ActiveCfg = Release|x64
		{778A6631-B639-40E5-9105-39F046BCC05D}.Release|x86.ActiveCfg = Release|Win32
		{778A6631-B639-40E5-9105-39F046BCC05D}.Release|x86.Build.0 = Release|Win32
		{AEE3F2B6-67AD-4946-96AE-5D80408800CE}.Debug|Any CPU.ActiveCfg = Debug|Win32
		{AEE3F2B6-67AD-4946-96AE-5D80408800CE}.Debug|x64.ActiveCfg = Debug|x64
		{AEE3F2B6-67AD-4946-96AE-5D80408800CE}.Debug|x64.Build.0 = Debug|x64
		{AEE3F2B6-67AD-4946-96AE-5D80408800CE}.Debug|x86.ActiveCfg = Debug|Win32
		{AEE3F2B6-67AD-4946-96AE-5D80408800CE}.Debug|x86.Build.0 = Debug|Win32
		{AEE3F2B6-67AD-4946-96AE-5D80408800CE}.Release|Any CPU.ActiveCfg = Release|Win32
		{AEE3F2B6-67AD-4946-96AE-5D80408800CE}.Release|x64.ActiveCfg = Release|x64
		{AEE3F2B6-67AD-4946-96AE-5D80408800CE}.Release|x64.Build.0 = Release|x64
		{AEE3F2B6-67AD-4946-96AE-5D80408800CE}.Release|x86.ActiveCfg = Release|Win32
		{AEE3F2B6-67AD-4946-96AE-5D80408800CE}.Release|x86.Build.0 = Release|Win32
	EndGlobalSection
	GlobalSection(SolutionProperties) = preSolution
		HideSolutionNode = FALSE
	EndGlobalSection
	GlobalSection(ExtensibilityGlobals) = postSolution
		SolutionGuid = {49B44088-2158-4E98-ABBE-6C23E4326C39}
	EndGlobalSection
	GlobalSection(Performance) = preSolution
		HasPerformanceSessions = true
	EndGlobalSection
EndGlobal
